
Microsoft Visual Studio Solution File, Format Version 12.00
# Visual Studio Version 17
VisualStudioVersion = 17.4.33103.184
MinimumVisualStudioVersion = 10.0.40219.1
Project("{FAE04EC0-301F-11D3-BF4B-00C04F79EFBC}") = "Immobilienrechner", "Immobilienrechner\Immobilienrechner.csproj", "{0364D515-F89B-4BE0-9177-58AB38811426}"
EndProject
Global
	GlobalSection(SolutionConfigurationPlatforms) = preSolution
		Debug|Any CPU = Debug|Any CPU
		Release|Any CPU = Release|Any CPU
	EndGlobalSection
	GlobalSection(ProjectConfigurationPlatforms) = postSolution
		{0364D515-F89B-4BE0-9177-58AB38811426}.Debug|Any CPU.ActiveCfg = Debug|Any CPU
		{0364D515-F89B-4BE0-9177-58AB38811426}.Debug|Any CPU.Build.0 = Debug|Any CPU
		{0364D515-F89B-4BE0-9177-58AB38811426}.Release|Any CPU.ActiveCfg = Release|Any CPU
		{0364D515-F89B-4BE0-9177-58AB38811426}.Release|Any CPU.Build.0 = Release|Any CPU
	EndGlobalSection
	GlobalSection(SolutionProperties) = preSolution
		HideSolutionNode = FALSE
	EndGlobalSection
	GlobalSection(ExtensibilityGlobals) = postSolution
		SolutionGuid = {0CD80CF3-B530-4D6A-8F9F-ED6EF7B15E6A}
	EndGlobalSection
EndGlobal
